// !$*UTF8*$!
{
	archiveVersion = 1;
	classes = {
	};
	objectVersion = 56;
	objects = {

/* Begin PBXBuildFile section */
		0BB737BA2A79FE75002DC493 /* Home.storyboard in Resources */ = {isa = PBXBuildFile; fileRef = 0BB737B92A79FE75002DC493 /* Home.storyboard */; };
		0BC452A22A74CB4B0079D621 /* AppDelegate.swift in Sources */ = {isa = PBXBuildFile; fileRef = 0BC452A12A74CB4B0079D621 /* AppDelegate.swift */; };
		0BC452A42A74CB4B0079D621 /* SceneDelegate.swift in Sources */ = {isa = PBXBuildFile; fileRef = 0BC452A32A74CB4B0079D621 /* SceneDelegate.swift */; };
		0BC452A62A74CB4B0079D621 /* ViewController.swift in Sources */ = {isa = PBXBuildFile; fileRef = 0BC452A52A74CB4B0079D621 /* ViewController.swift */; };
		0BC452A92A74CB4B0079D621 /* Main.storyboard in Resources */ = {isa = PBXBuildFile; fileRef = 0BC452A72A74CB4B0079D621 /* Main.storyboard */; };
		0BC452AB2A74CB4C0079D621 /* Assets.xcassets in Resources */ = {isa = PBXBuildFile; fileRef = 0BC452AA2A74CB4C0079D621 /* Assets.xcassets */; };
		0BC452AE2A74CB4C0079D621 /* LaunchScreen.storyboard in Resources */ = {isa = PBXBuildFile; fileRef = 0BC452AC2A74CB4C0079D621 /* LaunchScreen.storyboard */; };
		66F75B709A123C190C000CE2 /* Pods_learningApp.framework in Frameworks */ = {isa = PBXBuildFile; fileRef = A2854F3C5851243A4821D1FA /* Pods_learningApp.framework */; };
/* End PBXBuildFile section */

/* Begin PBXFileReference section */
		0BB737B92A79FE75002DC493 /* Home.storyboard */ = {isa = PBXFileReference; lastKnownFileType = file.storyboard; path = Home.storyboard; sourceTree = "<group>"; };
		0BC4529E2A74CB4B0079D621 /* learningApp.app */ = {isa = PBXFileReference; explicitFileType = wrapper.application; includeInIndex = 0; path = learningApp.app; sourceTree = BUILT_PRODUCTS_DIR; };
		0BC452A12A74CB4B0079D621 /* AppDelegate.swift */ = {isa = PBXFileReference; lastKnownFileType = sourcecode.swift; path = AppDelegate.swift; sourceTree = "<group>"; };
		0BC452A32A74CB4B0079D621 /* SceneDelegate.swift */ = {isa = PBXFileReference; lastKnownFileType = sourcecode.swift; path = SceneDelegate.swift; sourceTree = "<group>"; };
		0BC452A52A74CB4B0079D621 /* ViewController.swift */ = {isa = PBXFileReference; lastKnownFileType = sourcecode.swift; path = ViewController.swift; sourceTree = "<group>"; };
		0BC452A82A74CB4B0079D621 /* Base */ = {isa = PBXFileReference; lastKnownFileType = file.storyboard; name = Base; path = Base.lproj/Main.storyboard; sourceTree = "<group>"; };
		0BC452AA2A74CB4C0079D621 /* Assets.xcassets */ = {isa = PBXFileReference; lastKnownFileType = folder.assetcatalog; path = Assets.xcassets; sourceTree = "<group>"; };
		0BC452AD2A74CB4C0079D621 /* Base */ = {isa = PBXFileReference; lastKnownFileType = file.storyboard; name = Base; path = Base.lproj/LaunchScreen.storyboard; sourceTree = "<group>"; };
		0BC452AF2A74CB4C0079D621 /* Info.plist */ = {isa = PBXFileReference; lastKnownFileType = text.plist.xml; path = Info.plist; sourceTree = "<group>"; };
		46967DB70A1BA0F9C7907E57 /* Pods-learningApp.debug.xcconfig */ = {isa = PBXFileReference; includeInIndex = 1; lastKnownFileType = text.xcconfig; name = "Pods-learningApp.debug.xcconfig"; path = "Target Support Files/Pods-learningApp/Pods-learningApp.debug.xcconfig"; sourceTree = "<group>"; };
		A2854F3C5851243A4821D1FA /* Pods_learningApp.framework */ = {isa = PBXFileReference; explicitFileType = wrapper.framework; includeInIndex = 0; path = Pods_learningApp.framework; sourceTree = BUILT_PRODUCTS_DIR; };
		EB3D75E877AE5A94E177A866 /* Pods-learningApp.release.xcconfig */ = {isa = PBXFileReference; includeInIndex = 1; lastKnownFileType = text.xcconfig; name = "Pods-learningApp.release.xcconfig"; path = "Target Support Files/Pods-learningApp/Pods-learningApp.release.xcconfig"; sourceTree = "<group>"; };
/* End PBXFileReference section */

/* Begin PBXFrameworksBuildPhase section */
		0BC4529B2A74CB4B0079D621 /* Frameworks */ = {
			isa = PBXFrameworksBuildPhase;
			buildActionMask = 2147483647;
			files = (
				66F75B709A123C190C000CE2 /* Pods_learningApp.framework in Frameworks */,
			);
			runOnlyForDeploymentPostprocessing = 0;
		};
/* End PBXFrameworksBuildPhase section */

/* Begin PBXGroup section */
		022638C0D3EDA9102421AAAF /* Frameworks */ = {
			isa = PBXGroup;
			children = (
				A2854F3C5851243A4821D1FA /* Pods_learningApp.framework */,
			);
			name = Frameworks;
			sourceTree = "<group>";
		};
		0BC452952A74CB4B0079D621 = {
			isa = PBXGroup;
			children = (
				0BC452A02A74CB4B0079D621 /* learningApp */,
				0BC4529F2A74CB4B0079D621 /* Products */,
				7990D829EB2BE88F4D8E4C22 /* Pods */,
				022638C0D3EDA9102421AAAF /* Frameworks */,
			);
			sourceTree = "<group>";
		};
		0BC4529F2A74CB4B0079D621 /* Products */ = {
			isa = PBXGroup;
			children = (
				0BC4529E2A74CB4B0079D621 /* learningApp.app */,
			);
			name = Products;
			sourceTree = "<group>";
		};
		0BC452A02A74CB4B0079D621 /* learningApp */ = {
			isa = PBXGroup;
			children = (
				0BC452A12A74CB4B0079D621 /* AppDelegate.swift */,
				0BC452A32A74CB4B0079D621 /* SceneDelegate.swift */,
				0BC452A52A74CB4B0079D621 /* ViewController.swift */,
				0BC452A72A74CB4B0079D621 /* Main.storyboard */,
				0BC452AA2A74CB4C0079D621 /* Assets.xcassets */,
				0BC452AC2A74CB4C0079D621 /* LaunchScreen.storyboard */,
				0BC452AF2A74CB4C0079D621 /* Info.plist */,
				0BB737B92A79FE75002DC493 /* Home.storyboard */,
			);
			path = learningApp;
			sourceTree = "<group>";
		};
		7990D829EB2BE88F4D8E4C22 /* Pods */ = {
			isa = PBXGroup;
			children = (
				46967DB70A1BA0F9C7907E57 /* Pods-learningApp.debug.xcconfig */,
				EB3D75E877AE5A94E177A866 /* Pods-learningApp.release.xcconfig */,
			);
			name = Pods;
			path = Pods;
			sourceTree = "<group>";
		};
/* End PBXGroup section */

/* Begin PBXNativeTarget section */
		0BC4529D2A74CB4B0079D621 /* learningApp */ = {
			isa = PBXNativeTarget;
			buildConfigurationList = 0BC452B22A74CB4C0079D621 /* Build configuration list for PBXNativeTarget "learningApp" */;
			buildPhases = (
				12D3CB169A495D2927265654 /* [CP] Check Pods Manifest.lock */,
				0BC4529A2A74CB4B0079D621 /* Sources */,
				0BC4529B2A74CB4B0079D621 /* Frameworks */,
				0BC4529C2A74CB4B0079D621 /* Resources */,
				C3A8F661ECB18ECFD08DDB81 /* [CP] Embed Pods Frameworks */,
			);
			buildRules = (
			);
			dependencies = (
			);
			name = learningApp;
			productName = learningApp;
			productReference = 0BC4529E2A74CB4B0079D621 /* learningApp.app */;
			productType = "com.apple.product-type.application";
		};
/* End PBXNativeTarget section */

/* Begin PBXProject section */
		0BC452962A74CB4B0079D621 /* Project object */ = {
			isa = PBXProject;
			attributes = {
				BuildIndependentTargetsInParallel = 1;
				LastSwiftUpdateCheck = 1430;
				LastUpgradeCheck = 1430;
				TargetAttributes = {
					0BC4529D2A74CB4B0079D621 = {
						CreatedOnToolsVersion = 14.3.1;
					};
				};
			};
			buildConfigurationList = 0BC452992A74CB4B0079D621 /* Build configuration list for PBXProject "learningApp" */;
			compatibilityVersion = "Xcode 14.0";
			developmentRegion = en;
			hasScannedForEncodings = 0;
			knownRegions = (
				en,
				Base,
			);
			mainGroup = 0BC452952A74CB4B0079D621;
			productRefGroup = 0BC4529F2A74CB4B0079D621 /* Products */;
			projectDirPath = "";
			projectRoot = "";
			targets = (
				0BC4529D2A74CB4B0079D621 /* learningApp */,
			);
		};
/* End PBXProject section */

/* Begin PBXResourcesBuildPhase section */
		0BC4529C2A74CB4B0079D621 /* Resources */ = {
			isa = PBXResourcesBuildPhase;
			buildActionMask = 2147483647;
			files = (
				0BC452AE2A74CB4C0079D621 /* LaunchScreen.storyboard in Resources */,
				0BC452AB2A74CB4C0079D621 /* Assets.xcassets in Resources */,
				0BC452A92A74CB4B0079D621 /* Main.storyboard in Resources */,
				0BB737BA2A79FE75002DC493 /* Home.storyboard in Resources */,
			);
			runOnlyForDeploymentPostprocessing = 0;
		};
/* End PBXResourcesBuildPhase section */

/* Begin PBXShellScriptBuildPhase section */
		12D3CB169A495D2927265654 /* [CP] Check Pods Manifest.lock */ = {
			isa = PBXShellScriptBuildPhase;
			buildActionMask = 2147483647;
			files = (
			);
			inputFileListPaths = (
			);
			inputPaths = (
				"${PODS_PODFILE_DIR_PATH}/Podfile.lock",
				"${PODS_ROOT}/Manifest.lock",
			);
			name = "[CP] Check Pods Manifest.lock";
			outputFileListPaths = (
			);
			outputPaths = (
				"$(DERIVED_FILE_DIR)/Pods-learningApp-checkManifestLockResult.txt",
			);
			runOnlyForDeploymentPostprocessing = 0;
			shellPath = /bin/sh;
			shellScript = "diff \"${PODS_PODFILE_DIR_PATH}/Podfile.lock\" \"${PODS_ROOT}/Manifest.lock\" > /dev/null\nif [ $? != 0 ] ; then\n    # print error to STDERR\n    echo \"error: The sandbox is not in sync with the Podfile.lock. Run 'pod install' or update your CocoaPods installation.\" >&2\n    exit 1\nfi\n# This output is used by Xcode 'outputs' to avoid re-running this script phase.\necho \"SUCCESS\" > \"${SCRIPT_OUTPUT_FILE_0}\"\n";
			showEnvVarsInLog = 0;
		};
		C3A8F661ECB18ECFD08DDB81 /* [CP] Embed Pods Frameworks */ = {
			isa = PBXShellScriptBuildPhase;
			buildActionMask = 2147483647;
			files = (
			);
			inputFileListPaths = (
				"${PODS_ROOT}/Target Support Files/Pods-learningApp/Pods-learningApp-frameworks-${CONFIGURATION}-input-files.xcfilelist",
			);
			name = "[CP] Embed Pods Frameworks";
			outputFileListPaths = (
				"${PODS_ROOT}/Target Support Files/Pods-learningApp/Pods-learningApp-frameworks-${CONFIGURATION}-output-files.xcfilelist",
			);
			runOnlyForDeploymentPostprocessing = 0;
			shellPath = /bin/sh;
			shellScript = "\"${PODS_ROOT}/Target Support Files/Pods-learningApp/Pods-learningApp-frameworks.sh\"\n";
			showEnvVarsInLog = 0;
		};
/* End PBXShellScriptBuildPhase section */

/* Begin PBXSourcesBuildPhase section */
		0BC4529A2A74CB4B0079D621 /* Sources */ = {
			isa = PBXSourcesBuildPhase;
			buildActionMask = 2147483647;
			files = (
				0BC452A62A74CB4B0079D621 /* ViewController.swift in Sources */,
				0BC452A22A74CB4B0079D621 /* AppDelegate.swift in Sources */,
				0BC452A42A74CB4B0079D621 /* SceneDelegate.swift in Sources */,
			);
			runOnlyForDeploymentPostprocessing = 0;
		};
/* End PBXSourcesBuildPhase section */

/* Begin PBXVariantGroup section */
		0BC452A72A74CB4B0079D621 /* Main.storyboard */ = {
			isa = PBXVariantGroup;
			children = (
				0BC452A82A74CB4B0079D621 /* Base */,
			);
			name = Main.storyboard;
			sourceTree = "<group>";
		};
		0BC452AC2A74CB4C0079D621 /* LaunchScreen.storyboard */ = {
			isa = PBXVariantGroup;
			children = (
				0BC452AD2A74CB4C0079D621 /* Base */,
			);
			name = LaunchScreen.storyboard;
			sourceTree = "<group>";
		};
/* End PBXVariantGroup section */

/* Begin XCBuildConfiguration section */
		0BC452B02A74CB4C0079D621 /* Debug */ = {
			isa = XCBuildConfiguration;
			buildSettings = {
				ALWAYS_SEARCH_USER_PATHS = NO;
				CLANG_ANALYZER_NONNULL = YES;
				CLANG_ANALYZER_NUMBER_OBJECT_CONVERSION = YES_AGGRESSIVE;
				CLANG_CXX_LANGUAGE_STANDARD = "gnu++20";
				CLANG_ENABLE_MODULES = YES;
				CLANG_ENABLE_OBJC_ARC = YES;
				CLANG_ENABLE_OBJC_WEAK = YES;
				CLANG_WARN_BLOCK_CAPTURE_AUTORELEASING = YES;
				CLANG_WARN_BOOL_CONVERSION = YES;
				CLANG_WARN_COMMA = YES;
				CLANG_WARN_CONSTANT_CONVERSION = YES;
				CLANG_WARN_DEPRECATED_OBJC_IMPLEMENTATIONS = YES;
				CLANG_WARN_DIRECT_OBJC_ISA_USAGE = YES_ERROR;
				CLANG_WARN_DOCUMENTATION_COMMENTS = YES;
				CLANG_WARN_EMPTY_BODY = YES;
				CLANG_WARN_ENUM_CONVERSION = YES;
				CLANG_WARN_INFINITE_RECURSION = YES;
				CLANG_WARN_INT_CONVERSION = YES;
				CLANG_WARN_NON_LITERAL_NULL_CONVERSION = YES;
				CLANG_WARN_OBJC_IMPLICIT_RETAIN_SELF = YES;
				CLANG_WARN_OBJC_LITERAL_CONVERSION = YES;
				CLANG_WARN_OBJC_ROOT_CLASS = YES_ERROR;
				CLANG_WARN_QUOTED_INCLUDE_IN_FRAMEWORK_HEADER = YES;
				CLANG_WARN_RANGE_LOOP_ANALYSIS = YES;
				CLANG_WARN_STRICT_PROTOTYPES = YES;
				CLANG_WARN_SUSPICIOUS_MOVE = YES;
				CLANG_WARN_UNGUARDED_AVAILABILITY = YES_AGGRESSIVE;
				CLANG_WARN_UNREACHABLE_CODE = YES;
				CLANG_WARN__DUPLICATE_METHOD_MATCH = YES;
				COPY_PHASE_STRIP = NO;
				DEBUG_INFORMATION_FORMAT = dwarf;
				ENABLE_STRICT_OBJC_MSGSEND = YES;
				ENABLE_TESTABILITY = YES;
				GCC_C_LANGUAGE_STANDARD = gnu11;
				GCC_DYNAMIC_NO_PIC = NO;
				GCC_NO_COMMON_BLOCKS = YES;
				GCC_OPTIMIZATION_LEVEL = 0;
				GCC_PREPROCESSOR_DEFINITIONS = (
					"DEBUG=1",
					"$(inherited)",
				);
				GCC_WARN_64_TO_32_BIT_CONVERSION = YES;
				GCC_WARN_ABOUT_RETURN_TYPE = YES_ERROR;
				GCC_WARN_UNDECLARED_SELECTOR = YES;
				GCC_WARN_UNINITIALIZED_AUTOS = YES_AGGRESSIVE;
				GCC_WARN_UNUSED_FUNCTION = YES;
				GCC_WARN_UNUSED_VARIABLE = YES;
				IPHONEOS_DEPLOYMENT_TARGET = 16.4;
				MTL_ENABLE_DEBUG_INFO = INCLUDE_SOURCE;
				MTL_FAST_MATH = YES;
				ONLY_ACTIVE_ARCH = YES;
				SDKROOT = iphoneos;
				SWIFT_ACTIVE_COMPILATION_CONDITIONS = DEBUG;
				SWIFT_OPTIMIZATION_LEVEL = "-Onone";
			};
			name = Debug;
		};
		0BC452B12A74CB4C0079D621 /* Release */ = {
			isa = XCBuildConfiguration;
			buildSettings = {
				ALWAYS_SEARCH_USER_PATHS = NO;
				CLANG_ANALYZER_NONNULL = YES;
				CLANG_ANALYZER_NUMBER_OBJECT_CONVERSION = YES_AGGRESSIVE;
				CLANG_CXX_LANGUAGE_STANDARD = "gnu++20";
				CLANG_ENABLE_MODULES = YES;
				CLANG_ENABLE_OBJC_ARC = YES;
				CLANG_ENABLE_OBJC_WEAK = YES;
				CLANG_WARN_BLOCK_CAPTURE_AUTORELEASING = YES;
				CLANG_WARN_BOOL_CONVERSION = YES;
				CLANG_WARN_COMMA = YES;
				CLANG_WARN_CONSTANT_CONVERSION = YES;
				CLANG_WARN_DEPRECATED_OBJC_IMPLEMENTATIONS = YES;
				CLANG_WARN_DIRECT_OBJC_ISA_USAGE = YES_ERROR;
				CLANG_WARN_DOCUMENTATION_COMMENTS = YES;
				CLANG_WARN_EMPTY_BODY = YES;
				CLANG_WARN_ENUM_CONVERSION = YES;
				CLANG_WARN_INFINITE_RECURSION = YES;
				CLANG_WARN_INT_CONVERSION = YES;
				CLANG_WARN_NON_LITERAL_NULL_CONVERSION = YES;
				CLANG_WARN_OBJC_IMPLICIT_RETAIN_SELF = YES;
				CLANG_WARN_OBJC_LITERAL_CONVERSION = YES;
				CLANG_WARN_OBJC_ROOT_CLASS = YES_ERROR;
				CLANG_WARN_QUOTED_INCLUDE_IN_FRAMEWORK_HEADER = YES;
				CLANG_WARN_RANGE_LOOP_ANALYSIS = YES;
				CLANG_WARN_STRICT_PROTOTYPES = YES;
				CLANG_WARN_SUSPICIOUS_MOVE = YES;
				CLANG_WARN_UNGUARDED_AVAILABILITY = YES_AGGRESSIVE;
				CLANG_WARN_UNREACHABLE_CODE = YES;
				CLANG_WARN__DUPLICATE_METHOD_MATCH = YES;
				COPY_PHASE_STRIP = NO;
				DEBUG_INFORMATION_FORMAT = "dwarf-with-dsym";
				ENABLE_NS_ASSERTIONS = NO;
				ENABLE_STRICT_OBJC_MSGSEND = YES;
				GCC_C_LANGUAGE_STANDARD = gnu11;
				GCC_NO_COMMON_BLOCKS = YES;
				GCC_WARN_64_TO_32_BIT_CONVERSION = YES;
				GCC_WARN_ABOUT_RETURN_TYPE = YES_ERROR;
				GCC_WARN_UNDECLARED_SELECTOR = YES;
				GCC_WARN_UNINITIALIZED_AUTOS = YES_AGGRESSIVE;
				GCC_WARN_UNUSED_FUNCTION = YES;
				GCC_WARN_UNUSED_VARIABLE = YES;
				IPHONEOS_DEPLOYMENT_TARGET = 16.4;
				MTL_ENABLE_DEBUG_INFO = NO;
				MTL_FAST_MATH = YES;
				SDKROOT = iphoneos;
				SWIFT_COMPILATION_MODE = wholemodule;
				SWIFT_OPTIMIZATION_LEVEL = "-O";
				VALIDATE_PRODUCT = YES;
			};
			name = Release;
		};
		0BC452B32A74CB4C0079D621 /* Debug */ = {
			isa = XCBuildConfiguration;
			baseConfigurationReference = 46967DB70A1BA0F9C7907E57 /* Pods-learningApp.debug.xcconfig */;
			buildSettings = {
				ASSETCATALOG_COMPILER_APPICON_NAME = AppIcon;
				ASSETCATALOG_COMPILER_GLOBAL_ACCENT_COLOR_NAME = AccentColor;
				CODE_SIGN_STYLE = Automatic;
				CURRENT_PROJECT_VERSION = 1;
				GENERATE_INFOPLIST_FILE = YES;
				INFOPLIST_FILE = learningApp/Info.plist;
				INFOPLIST_KEY_UIApplicationSupportsIndirectInputEvents = YES;
				INFOPLIST_KEY_UILaunchStoryboardName = LaunchScreen;
				INFOPLIST_KEY_UIMainStoryboardFile = Main;
				INFOPLIST_KEY_UISupportedInterfaceOrientations_iPad = "UIInterfaceOrientationPortrait UIInterfaceOrientationPortraitUpsideDown UIInterfaceOrientationLandscapeLeft UIInterfaceOrientationLandscapeRight";
				INFOPLIST_KEY_UISupportedInterfaceOrientations_iPhone = "UIInterfaceOrientationPortrait UIInterfaceOrientationLandscapeLeft UIInterfaceOrientationLandscapeRight";
				LD_RUNPATH_SEARCH_PATHS = (
					"$(inherited)",
					"@executable_path/Frameworks",
				);
				MARKETING_VERSION = 1.0;
				PRODUCT_BUNDLE_IDENTIFIER = jorgemarcial.com.learningApp;
				PRODUCT_NAME = "$(TARGET_NAME)";
				SWIFT_EMIT_LOC_STRINGS = YES;
				SWIFT_VERSION = 5.0;
				TARGETED_DEVICE_FAMILY = "1,2";
			};
			name = Debug;
		};
		0BC452B42A74CB4C0079D621 /* Release */ = {
			isa = XCBuildConfiguration;
			baseConfigurationReference = EB3D75E877AE5A94E177A866 /* Pods-learningApp.release.xcconfig */;
			buildSettings = {
				ASSETCATALOG_COMPILER_APPICON_NAME = AppIcon;
				ASSETCATALOG_COMPILER_GLOBAL_ACCENT_COLOR_NAME = AccentColor;
				CODE_SIGN_STYLE = Automatic;
				CURRENT_PROJECT_VERSION = 1;
				GENERATE_INFOPLIST_FILE = YES;
				INFOPLIST_FILE = learningApp/Info.plist;
				INFOPLIST_KEY_UIApplicationSupportsIndirectInputEvents = YES;
				INFOPLIST_KEY_UILaunchStoryboardName = LaunchScreen;
				INFOPLIST_KEY_UIMainStoryboardFile = Main;
				INFOPLIST_KEY_UISupportedInterfaceOrientations_iPad = "UIInterfaceOrientationPortrait UIInterfaceOrientationPortraitUpsideDown UIInterfaceOrientationLandscapeLeft UIInterfaceOrientationLandscapeRight";
				INFOPLIST_KEY_UISupportedInterfaceOrientations_iPhone = "UIInterfaceOrientationPortrait UIInterfaceOrientationLandscapeLeft UIInterfaceOrientationLandscapeRight";
				LD_RUNPATH_SEARCH_PATHS = (
					"$(inherited)",
					"@executable_path/Frameworks",
				);
				MARKETING_VERSION = 1.0;
				PRODUCT_BUNDLE_IDENTIFIER = jorgemarcial.com.learningApp;
				PRODUCT_NAME = "$(TARGET_NAME)";
				SWIFT_EMIT_LOC_STRINGS = YES;
				SWIFT_VERSION = 5.0;
				TARGETED_DEVICE_FAMILY = "1,2";
			};
			name = Release;
		};
/* End XCBuildConfiguration section */

/* Begin XCConfigurationList section */
		0BC452992A74CB4B0079D621 /* Build configuration list for PBXProject "learningApp" */ = {
			isa = XCConfigurationList;
			buildConfigurations = (
				0BC452B02A74CB4C0079D621 /* Debug */,
				0BC452B12A74CB4C0079D621 /* Release */,
			);
			defaultConfigurationIsVisible = 0;
			defaultConfigurationName = Release;
		};
		0BC452B22A74CB4C0079D621 /* Build configuration list for PBXNativeTarget "learningApp" */ = {
			isa = XCConfigurationList;
			buildConfigurations = (
				0BC452B32A74CB4C0079D621 /* Debug */,
				0BC452B42A74CB4C0079D621 /* Release */,
			);
			defaultConfigurationIsVisible = 0;
			defaultConfigurationName = Release;
		};
/* End XCConfigurationList section */
	};
	rootObject = 0BC452962A74CB4B0079D621 /* Project object */;
}
